
Microsoft Visual Studio Solution File, Format Version 12.00
# Visual Studio 2012
Project("{FAE04EC0-301F-11D3-BF4B-00C04F79EFBC}") = "QuanLyCuaHang", "QuanLyCuaHang\QuanLyCuaHang.csproj", "{B3AE6D34-B075-47F0-BBCC-701884B10D5B}"
EndProject
Project("{FAE04EC0-301F-11D3-BF4B-00C04F79EFBC}") = "DAL", "DAL\DAL.csproj", "{65C72465-8D5E-424B-BF6B-B0FCAC7C749A}"
EndProject
Project("{FAE04EC0-301F-11D3-BF4B-00C04F79EFBC}") = "BUS", "BUS\BUS.csproj", "{ADD38E8A-F34F-4E23-9C5F-25607321D240}"
EndProject
Global
	GlobalSection(SolutionConfigurationPlatforms) = preSolution
		Debug|Any CPU = Debug|Any CPU
		Release|Any CPU = Release|Any CPU
	EndGlobalSection
	GlobalSection(ProjectConfigurationPlatforms) = postSolution
		{B3AE6D34-B075-47F0-BBCC-701884B10D5B}.Debug|Any CPU.ActiveCfg = Debug|Any CPU
		{B3AE6D34-B075-47F0-BBCC-701884B10D5B}.Debug|Any CPU.Build.0 = Debug|Any CPU
		{B3AE6D34-B075-47F0-BBCC-701884B10D5B}.Release|Any CPU.ActiveCfg = Release|Any CPU
		{B3AE6D34-B075-47F0-BBCC-701884B10D5B}.Release|Any CPU.Build.0 = Release|Any CPU
		{65C72465-8D5E-424B-BF6B-B0FCAC7C749A}.Debug|Any CPU.ActiveCfg = Debug|Any CPU
		{65C72465-8D5E-424B-BF6B-B0FCAC7C749A}.Debug|Any CPU.Build.0 = Debug|Any CPU
		{65C72465-8D5E-424B-BF6B-B0FCAC7C749A}.Release|Any CPU.ActiveCfg = Release|Any CPU
		{65C72465-8D5E-424B-BF6B-B0FCAC7C749A}.Release|Any CPU.Build.0 = Release|Any CPU
		{ADD38E8A-F34F-4E23-9C5F-25607321D240}.Debug|Any CPU.ActiveCfg = Debug|Any CPU
		{ADD38E8A-F34F-4E23-9C5F-25607321D240}.Debug|Any CPU.Build.0 = Debug|Any CPU
		{ADD38E8A-F34F-4E23-9C5F-25607321D240}.Release|Any CPU.ActiveCfg = Release|Any CPU
		{ADD38E8A-F34F-4E23-9C5F-25607321D240}.Release|Any CPU.Build.0 = Release|Any CPU
	EndGlobalSection
	GlobalSection(SolutionProperties) = preSolution
		HideSolutionNode = FALSE
	EndGlobalSection
EndGlobal
